
Microsoft Visual Studio Solution File, Format Version 12.00
# Visual Studio 15
Project("{FAE04EC0-301F-11D3-BF4B-00C04F79EFBC}") = "UnityEngine.TestRunner", "UnityEngine.TestRunner.csproj", "{8F4DA3D9-538E-BF3C-4FC5-3528EB5B4583}"
EndProject
Project("{FAE04EC0-301F-11D3-BF4B-00C04F79EFBC}") = "Unity.2D.Animation.Triangle.Runtime", "Unity.2D.Animation.Triangle.Runtime.csproj", "{33F3B0C6-542D-8637-1511-7E3F6DF8507F}"
EndProject
Project("{FAE04EC0-301F-11D3-BF4B-00C04F79EFBC}") = "UnityEngine.UI", "UnityEngine.UI.csproj", "{240F5A16-A067-265B-A731-729321639A04}"
EndProject
Project("{FAE04EC0-301F-11D3-BF4B-00C04F79EFBC}") = "Unity.TextMeshPro", "Unity.TextMeshPro.csproj", "{9CEC797C-5E86-6733-27EC-0C468DA1AFCF}"
EndProject
Project("{FAE04EC0-301F-11D3-BF4B-00C04F79EFBC}") = "Unity.2D.Animation.Runtime", "Unity.2D.Animation.Runtime.csproj", "{6A430D04-C8B2-6DF9-9F81-F58F7A4D9B7B}"
EndProject
Project("{FAE04EC0-301F-11D3-BF4B-00C04F79EFBC}") = "Unity.Timeline", "Unity.Timeline.csproj", "{E148AE74-9A93-BD74-DE99-FBD5483CB95D}"
EndProject
Project("{FAE04EC0-301F-11D3-BF4B-00C04F79EFBC}") = "Cinemachine", "Cinemachine.csproj", "{56653168-3F33-A9EE-BD67-743EBEEB8987}"
EndProject
Project("{FAE04EC0-301F-11D3-BF4B-00C04F79EFBC}") = "Unity.Mathematics", "Unity.Mathematics.csproj", "{A8F21673-C527-B916-17A1-FC0809A81682}"
EndProject
Project("{FAE04EC0-301F-11D3-BF4B-00C04F79EFBC}") = "Unity.2D.SpriteShape.Runtime", "Unity.2D.SpriteShape.Runtime.csproj", "{0397275F-4679-DDD5-8285-F135029CA5F5}"
EndProject
Project("{FAE04EC0-301F-11D3-BF4B-00C04F79EFBC}") = "Unity.2D.PixelPerfect", "Unity.2D.PixelPerfect.csproj", "{AB99BC3F-703C-C4D7-639C-B984A812F1B3}"
EndProject
Project("{FAE04EC0-301F-11D3-BF4B-00C04F79EFBC}") = "Assembly-CSharp", "Assembly-CSharp.csproj", "{8D744C74-558B-920B-1665-550F66DE46AB}"
EndProject
Project("{FAE04EC0-301F-11D3-BF4B-00C04F79EFBC}") = "Unity.InternalAPIEngineBridge.001", "Unity.InternalAPIEngineBridge.001.csproj", "{6F8561D4-5B6D-4800-5304-99F2B41D1894}"
EndProject
Project("{FAE04EC0-301F-11D3-BF4B-00C04F79EFBC}") = "Unity.2D.Common.Runtime", "Unity.2D.Common.Runtime.csproj", "{4A424D8A-37A0-0CA4-E7A0-8C6E56D821A7}"
EndProject
Project("{FAE04EC0-301F-11D3-BF4B-00C04F79EFBC}") = "UnityEditor.TestRunner", "UnityEditor.TestRunner.csproj", "{AE8B0176-6D97-51A4-9F4A-ACC278A332AB}"
EndProject
Project("{FAE04EC0-301F-11D3-BF4B-00C04F79EFBC}") = "Unity.TextMeshPro.Editor", "Unity.TextMeshPro.Editor.csproj", "{DFD599C9-B5C3-9942-4CB1-62392D3578C3}"
EndProject
Project("{FAE04EC0-301F-11D3-BF4B-00C04F79EFBC}") = "Unity.Timeline.Editor", "Unity.Timeline.Editor.csproj", "{8AB216B7-2DC5-8802-A242-A0624890CA87}"
EndProject
Project("{FAE04EC0-301F-11D3-BF4B-00C04F79EFBC}") = "Unity.CollabProxy.Editor", "Unity.CollabProxy.Editor.csproj", "{79C67DC9-4D96-2645-C766-39EAA132FC5F}"
EndProject
Project("{FAE04EC0-301F-11D3-BF4B-00C04F79EFBC}") = "Unity.2D.Animation.Editor", "Unity.2D.Animation.Editor.csproj", "{E8424523-FA98-E068-F70F-92304A0C76BC}"
EndProject
Project("{FAE04EC0-301F-11D3-BF4B-00C04F79EFBC}") = "Unity.2D.Path.Editor", "Unity.2D.Path.Editor.csproj", "{9E3D7D2D-09AC-485A-7561-208C7050D2CB}"
EndProject
Project("{FAE04EC0-301F-11D3-BF4B-00C04F79EFBC}") = "Unity.2D.Sprite.Editor", "Unity.2D.Sprite.Editor.csproj", "{84C2BAF0-D345-D157-55CB-FE30D01889D4}"
EndProject
Project("{FAE04EC0-301F-11D3-BF4B-00C04F79EFBC}") = "com.unity.cinemachine.editor", "com.unity.cinemachine.editor.csproj", "{3D10FA1E-AD84-49A6-E7D5-E7D7009EEE50}"
EndProject
Project("{FAE04EC0-301F-11D3-BF4B-00C04F79EFBC}") = "UnityEditor.UI", "UnityEditor.UI.csproj", "{D530ECBF-EB97-07CD-C0D4-FF607F9B6225}"
EndProject
Project("{FAE04EC0-301F-11D3-BF4B-00C04F79EFBC}") = "Unity.Rider.Editor", "Unity.Rider.Editor.csproj", "{9E32AEEA-D5A7-CFE8-3513-C7D8B8B7FD7D}"
EndProject
Project("{FAE04EC0-301F-11D3-BF4B-00C04F79EFBC}") = "Unity.2D.Tilemap.Editor", "Unity.2D.Tilemap.Editor.csproj", "{E8A234B0-671F-9F21-3E0A-AB0CD51C7083}"
EndProject
Project("{FAE04EC0-301F-11D3-BF4B-00C04F79EFBC}") = "Unity.VisualStudio.Editor", "Unity.VisualStudio.Editor.csproj", "{F5E5319F-508A-B2BE-09FE-FB078BD0F908}"
EndProject
Project("{FAE04EC0-301F-11D3-BF4B-00C04F79EFBC}") = "Unity.2D.SpriteShape.Editor", "Unity.2D.SpriteShape.Editor.csproj", "{E2C13007-7DCD-17DB-5D08-033DF39A82C2}"
EndProject
Project("{FAE04EC0-301F-11D3-BF4B-00C04F79EFBC}") = "PsdPlugin", "PsdPlugin.csproj", "{334B70A2-48DB-AADD-4F90-8A9FAFA1DAC8}"
EndProject
Project("{FAE04EC0-301F-11D3-BF4B-00C04F79EFBC}") = "Unity.2D.Common.Editor", "Unity.2D.Common.Editor.csproj", "{026E5B1F-629A-C356-A413-FFD05D6099B2}"
EndProject
Project("{FAE04EC0-301F-11D3-BF4B-00C04F79EFBC}") = "Unity.VSCode.Editor", "Unity.VSCode.Editor.csproj", "{E8C9010C-EACB-401B-F2D4-67599A0ADB5E}"
EndProject
Project("{FAE04EC0-301F-11D3-BF4B-00C04F79EFBC}") = "Unity.2D.Psdimporter.Editor", "Unity.2D.Psdimporter.Editor.csproj", "{FC01F668-2D47-658D-B089-13DFF59D1DAC}"
EndProject
Project("{FAE04EC0-301F-11D3-BF4B-00C04F79EFBC}") = "Unity.2D.PixelPerfect.Editor", "Unity.2D.PixelPerfect.Editor.csproj", "{83E19D49-CF3E-A430-6647-279379FBB7DD}"
EndProject
Project("{FAE04EC0-301F-11D3-BF4B-00C04F79EFBC}") = "Unity.Mathematics.Editor", "Unity.Mathematics.Editor.csproj", "{54A7B7BE-6AB4-1449-9C6E-0E4DE9500AD8}"
EndProject
Project("{FAE04EC0-301F-11D3-BF4B-00C04F79EFBC}") = "Unity.InternalAPIEditorBridge.001", "Unity.InternalAPIEditorBridge.001.csproj", "{67149506-B2E8-4CDE-9555-42D7460FDE6E}"
EndProject
Project("{FAE04EC0-301F-11D3-BF4B-00C04F79EFBC}") = "UnityEngine.TestRunner", "UnityEngine.TestRunner.Player.csproj", "{77385A4C-7251-AC19-E660-09A236EC93DB}"
EndProject
Project("{FAE04EC0-301F-11D3-BF4B-00C04F79EFBC}") = "Unity.2D.Animation.Triangle.Runtime", "Unity.2D.Animation.Triangle.Runtime.Player.csproj", "{EFC03C9A-2724-30E0-E016-EBA9DF568327}"
EndProject
Project("{FAE04EC0-301F-11D3-BF4B-00C04F79EFBC}") = "UnityEngine.UI", "UnityEngine.UI.Player.csproj", "{A5F4BBAA-D530-B406-6CCF-40618F2E3A6A}"
EndProject
Project("{FAE04EC0-301F-11D3-BF4B-00C04F79EFBC}") = "Unity.TextMeshPro", "Unity.TextMeshPro.Player.csproj", "{6F5C85DC-F346-D060-9B13-1111357F4806}"
EndProject
Project("{FAE04EC0-301F-11D3-BF4B-00C04F79EFBC}") = "Unity.2D.Animation.Runtime", "Unity.2D.Animation.Runtime.Player.csproj", "{13231C07-8F94-B23C-6528-3014B864764D}"
EndProject
Project("{FAE04EC0-301F-11D3-BF4B-00C04F79EFBC}") = "Unity.Timeline", "Unity.Timeline.Player.csproj", "{37A54172-7AC4-8BC6-B61E-E83ECD3619BF}"
EndProject
Project("{FAE04EC0-301F-11D3-BF4B-00C04F79EFBC}") = "Cinemachine", "Cinemachine.Player.csproj", "{BD3BFBC5-2105-D0CF-DB03-274B5E9DAD50}"
EndProject
Project("{FAE04EC0-301F-11D3-BF4B-00C04F79EFBC}") = "Unity.Mathematics", "Unity.Mathematics.Player.csproj", "{EDB4C5C9-D9FC-E925-6B9B-DEF38B38D7F9}"
EndProject
Project("{FAE04EC0-301F-11D3-BF4B-00C04F79EFBC}") = "Unity.2D.SpriteShape.Runtime", "Unity.2D.SpriteShape.Runtime.Player.csproj", "{CE06EA2B-4AC7-B47F-79D9-E4410E8FEE5D}"
EndProject
Project("{FAE04EC0-301F-11D3-BF4B-00C04F79EFBC}") = "Unity.2D.PixelPerfect", "Unity.2D.PixelPerfect.Player.csproj", "{938897B6-0696-26BE-9B48-1C47C995E785}"
EndProject
Project("{FAE04EC0-301F-11D3-BF4B-00C04F79EFBC}") = "Assembly-CSharp", "Assembly-CSharp.Player.csproj", "{0B22F65D-01F3-D4C7-8177-2CB82C82D0C6}"
EndProject
Project("{FAE04EC0-301F-11D3-BF4B-00C04F79EFBC}") = "Unity.InternalAPIEngineBridge.001", "Unity.InternalAPIEngineBridge.001.Player.csproj", "{37F42FFF-E782-6485-9C59-52F9887F882B}"
EndProject
Project("{FAE04EC0-301F-11D3-BF4B-00C04F79EFBC}") = "Unity.2D.Common.Runtime", "Unity.2D.Common.Runtime.Player.csproj", "{8DA36583-5F35-A858-1BA2-04378E4DA8AF}"
EndProject
Global
	GlobalSection(SolutionConfigurationPlatforms) = preSolution
		Debug|Any CPU = Debug|Any CPU
		Release|Any CPU = Release|Any CPU
	EndGlobalSection
	GlobalSection(ProjectConfigurationPlatforms) = postSolution
		{8F4DA3D9-538E-BF3C-4FC5-3528EB5B4583}.Debug|Any CPU.ActiveCfg = Debug|Any CPU
		{8F4DA3D9-538E-BF3C-4FC5-3528EB5B4583}.Debug|Any CPU.Build.0 = Debug|Any CPU
		{8F4DA3D9-538E-BF3C-4FC5-3528EB5B4583}.Release|Any CPU.ActiveCfg = Release|Any CPU
		{8F4DA3D9-538E-BF3C-4FC5-3528EB5B4583}.Release|Any CPU.Build.0 = Release|Any CPU
		{33F3B0C6-542D-8637-1511-7E3F6DF8507F}.Debug|Any CPU.ActiveCfg = Debug|Any CPU
		{33F3B0C6-542D-8637-1511-7E3F6DF8507F}.Debug|Any CPU.Build.0 = Debug|Any CPU
		{33F3B0C6-542D-8637-1511-7E3F6DF8507F}.Release|Any CPU.ActiveCfg = Release|Any CPU
		{33F3B0C6-542D-8637-1511-7E3F6DF8507F}.Release|Any CPU.Build.0 = Release|Any CPU
		{240F5A16-A067-265B-A731-729321639A04}.Debug|Any CPU.ActiveCfg = Debug|Any CPU
		{240F5A16-A067-265B-A731-729321639A04}.Debug|Any CPU.Build.0 = Debug|Any CPU
		{240F5A16-A067-265B-A731-729321639A04}.Release|Any CPU.ActiveCfg = Release|Any CPU
		{240F5A16-A067-265B-A731-729321639A04}.Release|Any CPU.Build.0 = Release|Any CPU
		{9CEC797C-5E86-6733-27EC-0C468DA1AFCF}.Debug|Any CPU.ActiveCfg = Debug|Any CPU
		{9CEC797C-5E86-6733-27EC-0C468DA1AFCF}.Debug|Any CPU.Build.0 = Debug|Any CPU
		{9CEC797C-5E86-6733-27EC-0C468DA1AFCF}.Release|Any CPU.ActiveCfg = Release|Any CPU
		{9CEC797C-5E86-6733-27EC-0C468DA1AFCF}.Release|Any CPU.Build.0 = Release|Any CPU
		{6A430D04-C8B2-6DF9-9F81-F58F7A4D9B7B}.Debug|Any CPU.ActiveCfg = Debug|Any CPU
		{6A430D04-C8B2-6DF9-9F81-F58F7A4D9B7B}.Debug|Any CPU.Build.0 = Debug|Any CPU
		{6A430D04-C8B2-6DF9-9F81-F58F7A4D9B7B}.Release|Any CPU.ActiveCfg = Release|Any CPU
		{6A430D04-C8B2-6DF9-9F81-F58F7A4D9B7B}.Release|Any CPU.Build.0 = Release|Any CPU
		{E148AE74-9A93-BD74-DE99-FBD5483CB95D}.Debug|Any CPU.ActiveCfg = Debug|Any CPU
		{E148AE74-9A93-BD74-DE99-FBD5483CB95D}.Debug|Any CPU.Build.0 = Debug|Any CPU
		{E148AE74-9A93-BD74-DE99-FBD5483CB95D}.Release|Any CPU.ActiveCfg = Release|Any CPU
		{E148AE74-9A93-BD74-DE99-FBD5483CB95D}.Release|Any CPU.Build.0 = Release|Any CPU
		{56653168-3F33-A9EE-BD67-743EBEEB8987}.Debug|Any CPU.ActiveCfg = Debug|Any CPU
		{56653168-3F33-A9EE-BD67-743EBEEB8987}.Debug|Any CPU.Build.0 = Debug|Any CPU
		{56653168-3F33-A9EE-BD67-743EBEEB8987}.Release|Any CPU.ActiveCfg = Release|Any CPU
		{56653168-3F33-A9EE-BD67-743EBEEB8987}.Release|Any CPU.Build.0 = Release|Any CPU
		{A8F21673-C527-B916-17A1-FC0809A81682}.Debug|Any CPU.ActiveCfg = Debug|Any CPU
		{A8F21673-C527-B916-17A1-FC0809A81682}.Debug|Any CPU.Build.0 = Debug|Any CPU
		{A8F21673-C527-B916-17A1-FC0809A81682}.Release|Any CPU.ActiveCfg = Release|Any CPU
		{A8F21673-C527-B916-17A1-FC0809A81682}.Release|Any CPU.Build.0 = Release|Any CPU
		{0397275F-4679-DDD5-8285-F135029CA5F5}.Debug|Any CPU.ActiveCfg = Debug|Any CPU
		{0397275F-4679-DDD5-8285-F135029CA5F5}.Debug|Any CPU.Build.0 = Debug|Any CPU
		{0397275F-4679-DDD5-8285-F135029CA5F5}.Release|Any CPU.ActiveCfg = Release|Any CPU
		{0397275F-4679-DDD5-8285-F135029CA5F5}.Release|Any CPU.Build.0 = Release|Any CPU
		{AB99BC3F-703C-C4D7-639C-B984A812F1B3}.Debug|Any CPU.ActiveCfg = Debug|Any CPU
		{AB99BC3F-703C-C4D7-639C-B984A812F1B3}.Debug|Any CPU.Build.0 = Debug|Any CPU
		{AB99BC3F-703C-C4D7-639C-B984A812F1B3}.Release|Any CPU.ActiveCfg = Release|Any CPU
		{AB99BC3F-703C-C4D7-639C-B984A812F1B3}.Release|Any CPU.Build.0 = Release|Any CPU
		{8D744C74-558B-920B-1665-550F66DE46AB}.Debug|Any CPU.ActiveCfg = Debug|Any CPU
		{8D744C74-558B-920B-1665-550F66DE46AB}.Debug|Any CPU.Build.0 = Debug|Any CPU
		{8D744C74-558B-920B-1665-550F66DE46AB}.Release|Any CPU.ActiveCfg = Release|Any CPU
		{8D744C74-558B-920B-1665-550F66DE46AB}.Release|Any CPU.Build.0 = Release|Any CPU
		{6F8561D4-5B6D-4800-5304-99F2B41D1894}.Debug|Any CPU.ActiveCfg = Debug|Any CPU
		{6F8561D4-5B6D-4800-5304-99F2B41D1894}.Debug|Any CPU.Build.0 = Debug|Any CPU
		{6F8561D4-5B6D-4800-5304-99F2B41D1894}.Release|Any CPU.ActiveCfg = Release|Any CPU
		{6F8561D4-5B6D-4800-5304-99F2B41D1894}.Release|Any CPU.Build.0 = Release|Any CPU
		{4A424D8A-37A0-0CA4-E7A0-8C6E56D821A7}.Debug|Any CPU.ActiveCfg = Debug|Any CPU
		{4A424D8A-37A0-0CA4-E7A0-8C6E56D821A7}.Debug|Any CPU.Build.0 = Debug|Any CPU
		{4A424D8A-37A0-0CA4-E7A0-8C6E56D821A7}.Release|Any CPU.ActiveCfg = Release|Any CPU
		{4A424D8A-37A0-0CA4-E7A0-8C6E56D821A7}.Release|Any CPU.Build.0 = Release|Any CPU
		{AE8B0176-6D97-51A4-9F4A-ACC278A332AB}.Debug|Any CPU.ActiveCfg = Debug|Any CPU
		{AE8B0176-6D97-51A4-9F4A-ACC278A332AB}.Debug|Any CPU.Build.0 = Debug|Any CPU
		{AE8B0176-6D97-51A4-9F4A-ACC278A332AB}.Release|Any CPU.ActiveCfg = Release|Any CPU
		{AE8B0176-6D97-51A4-9F4A-ACC278A332AB}.Release|Any CPU.Build.0 = Release|Any CPU
		{DFD599C9-B5C3-9942-4CB1-62392D3578C3}.Debug|Any CPU.ActiveCfg = Debug|Any CPU
		{DFD599C9-B5C3-9942-4CB1-62392D3578C3}.Debug|Any CPU.Build.0 = Debug|Any CPU
		{DFD599C9-B5C3-9942-4CB1-62392D3578C3}.Release|Any CPU.ActiveCfg = Release|Any CPU
		{DFD599C9-B5C3-9942-4CB1-62392D3578C3}.Release|Any CPU.Build.0 = Release|Any CPU
		{8AB216B7-2DC5-8802-A242-A0624890CA87}.Debug|Any CPU.ActiveCfg = Debug|Any CPU
		{8AB216B7-2DC5-8802-A242-A0624890CA87}.Debug|Any CPU.Build.0 = Debug|Any CPU
		{8AB216B7-2DC5-8802-A242-A0624890CA87}.Release|Any CPU.ActiveCfg = Release|Any CPU
		{8AB216B7-2DC5-8802-A242-A0624890CA87}.Release|Any CPU.Build.0 = Release|Any CPU
		{79C67DC9-4D96-2645-C766-39EAA132FC5F}.Debug|Any CPU.ActiveCfg = Debug|Any CPU
		{79C67DC9-4D96-2645-C766-39EAA132FC5F}.Debug|Any CPU.Build.0 = Debug|Any CPU
		{79C67DC9-4D96-2645-C766-39EAA132FC5F}.Release|Any CPU.ActiveCfg = Release|Any CPU
		{79C67DC9-4D96-2645-C766-39EAA132FC5F}.Release|Any CPU.Build.0 = Release|Any CPU
		{E8424523-FA98-E068-F70F-92304A0C76BC}.Debug|Any CPU.ActiveCfg = Debug|Any CPU
		{E8424523-FA98-E068-F70F-92304A0C76BC}.Debug|Any CPU.Build.0 = Debug|Any CPU
		{E8424523-FA98-E068-F70F-92304A0C76BC}.Release|Any CPU.ActiveCfg = Release|Any CPU
		{E8424523-FA98-E068-F70F-92304A0C76BC}.Release|Any CPU.Build.0 = Release|Any CPU
		{9E3D7D2D-09AC-485A-7561-208C7050D2CB}.Debug|Any CPU.ActiveCfg = Debug|Any CPU
		{9E3D7D2D-09AC-485A-7561-208C7050D2CB}.Debug|Any CPU.Build.0 = Debug|Any CPU
		{9E3D7D2D-09AC-485A-7561-208C7050D2CB}.Release|Any CPU.ActiveCfg = Release|Any CPU
		{9E3D7D2D-09AC-485A-7561-208C7050D2CB}.Release|Any CPU.Build.0 = Release|Any CPU
		{84C2BAF0-D345-D157-55CB-FE30D01889D4}.Debug|Any CPU.ActiveCfg = Debug|Any CPU
		{84C2BAF0-D345-D157-55CB-FE30D01889D4}.Debug|Any CPU.Build.0 = Debug|Any CPU
		{84C2BAF0-D345-D157-55CB-FE30D01889D4}.Release|Any CPU.ActiveCfg = Release|Any CPU
		{84C2BAF0-D345-D157-55CB-FE30D01889D4}.Release|Any CPU.Build.0 = Release|Any CPU
		{3D10FA1E-AD84-49A6-E7D5-E7D7009EEE50}.Debug|Any CPU.ActiveCfg = Debug|Any CPU
		{3D10FA1E-AD84-49A6-E7D5-E7D7009EEE50}.Debug|Any CPU.Build.0 = Debug|Any CPU
		{3D10FA1E-AD84-49A6-E7D5-E7D7009EEE50}.Release|Any CPU.ActiveCfg = Release|Any CPU
		{3D10FA1E-AD84-49A6-E7D5-E7D7009EEE50}.Release|Any CPU.Build.0 = Release|Any CPU
		{D530ECBF-EB97-07CD-C0D4-FF607F9B6225}.Debug|Any CPU.ActiveCfg = Debug|Any CPU
		{D530ECBF-EB97-07CD-C0D4-FF607F9B6225}.Debug|Any CPU.Build.0 = Debug|Any CPU
		{D530ECBF-EB97-07CD-C0D4-FF607F9B6225}.Release|Any CPU.ActiveCfg = Release|Any CPU
		{D530ECBF-EB97-07CD-C0D4-FF607F9B6225}.Release|Any CPU.Build.0 = Release|Any CPU
		{9E32AEEA-D5A7-CFE8-3513-C7D8B8B7FD7D}.Debug|Any CPU.ActiveCfg = Debug|Any CPU
		{9E32AEEA-D5A7-CFE8-3513-C7D8B8B7FD7D}.Debug|Any CPU.Build.0 = Debug|Any CPU
		{9E32AEEA-D5A7-CFE8-3513-C7D8B8B7FD7D}.Release|Any CPU.ActiveCfg = Release|Any CPU
		{9E32AEEA-D5A7-CFE8-3513-C7D8B8B7FD7D}.Release|Any CPU.Build.0 = Release|Any CPU
		{E8A234B0-671F-9F21-3E0A-AB0CD51C7083}.Debug|Any CPU.ActiveCfg = Debug|Any CPU
		{E8A234B0-671F-9F21-3E0A-AB0CD51C7083}.Debug|Any CPU.Build.0 = Debug|Any CPU
		{E8A234B0-671F-9F21-3E0A-AB0CD51C7083}.Release|Any CPU.ActiveCfg = Release|Any CPU
		{E8A234B0-671F-9F21-3E0A-AB0CD51C7083}.Release|Any CPU.Build.0 = Release|Any CPU
		{F5E5319F-508A-B2BE-09FE-FB078BD0F908}.Debug|Any CPU.ActiveCfg = Debug|Any CPU
		{F5E5319F-508A-B2BE-09FE-FB078BD0F908}.Debug|Any CPU.Build.0 = Debug|Any CPU
		{F5E5319F-508A-B2BE-09FE-FB078BD0F908}.Release|Any CPU.ActiveCfg = Release|Any CPU
		{F5E5319F-508A-B2BE-09FE-FB078BD0F908}.Release|Any CPU.Build.0 = Release|Any CPU
		{E2C13007-7DCD-17DB-5D08-033DF39A82C2}.Debug|Any CPU.ActiveCfg = Debug|Any CPU
		{E2C13007-7DCD-17DB-5D08-033DF39A82C2}.Debug|Any CPU.Build.0 = Debug|Any CPU
		{E2C13007-7DCD-17DB-5D08-033DF39A82C2}.Release|Any CPU.ActiveCfg = Release|Any CPU
		{E2C13007-7DCD-17DB-5D08-033DF39A82C2}.Release|Any CPU.Build.0 = Release|Any CPU
		{334B70A2-48DB-AADD-4F90-8A9FAFA1DAC8}.Debug|Any CPU.ActiveCfg = Debug|Any CPU
		{334B70A2-48DB-AADD-4F90-8A9FAFA1DAC8}.Debug|Any CPU.Build.0 = Debug|Any CPU
		{334B70A2-48DB-AADD-4F90-8A9FAFA1DAC8}.Release|Any CPU.ActiveCfg = Release|Any CPU
		{334B70A2-48DB-AADD-4F90-8A9FAFA1DAC8}.Release|Any CPU.Build.0 = Release|Any CPU
		{026E5B1F-629A-C356-A413-FFD05D6099B2}.Debug|Any CPU.ActiveCfg = Debug|Any CPU
		{026E5B1F-629A-C356-A413-FFD05D6099B2}.Debug|Any CPU.Build.0 = Debug|Any CPU
		{026E5B1F-629A-C356-A413-FFD05D6099B2}.Release|Any CPU.ActiveCfg = Release|Any CPU
		{026E5B1F-629A-C356-A413-FFD05D6099B2}.Release|Any CPU.Build.0 = Release|Any CPU
		{E8C9010C-EACB-401B-F2D4-67599A0ADB5E}.Debug|Any CPU.ActiveCfg = Debug|Any CPU
		{E8C9010C-EACB-401B-F2D4-67599A0ADB5E}.Debug|Any CPU.Build.0 = Debug|Any CPU
		{E8C9010C-EACB-401B-F2D4-67599A0ADB5E}.Release|Any CPU.ActiveCfg = Release|Any CPU
		{E8C9010C-EACB-401B-F2D4-67599A0ADB5E}.Release|Any CPU.Build.0 = Release|Any CPU
		{FC01F668-2D47-658D-B089-13DFF59D1DAC}.Debug|Any CPU.ActiveCfg = Debug|Any CPU
		{FC01F668-2D47-658D-B089-13DFF59D1DAC}.Debug|Any CPU.Build.0 = Debug|Any CPU
		{FC01F668-2D47-658D-B089-13DFF59D1DAC}.Release|Any CPU.ActiveCfg = Release|Any CPU
		{FC01F668-2D47-658D-B089-13DFF59D1DAC}.Release|Any CPU.Build.0 = Release|Any CPU
		{83E19D49-CF3E-A430-6647-279379FBB7DD}.Debug|Any CPU.ActiveCfg = Debug|Any CPU
		{83E19D49-CF3E-A430-6647-279379FBB7DD}.Debug|Any CPU.Build.0 = Debug|Any CPU
		{83E19D49-CF3E-A430-6647-279379FBB7DD}.Release|Any CPU.ActiveCfg = Release|Any CPU
		{83E19D49-CF3E-A430-6647-279379FBB7DD}.Release|Any CPU.Build.0 = Release|Any CPU
		{54A7B7BE-6AB4-1449-9C6E-0E4DE9500AD8}.Debug|Any CPU.ActiveCfg = Debug|Any CPU
		{54A7B7BE-6AB4-1449-9C6E-0E4DE9500AD8}.Debug|Any CPU.Build.0 = Debug|Any CPU
		{54A7B7BE-6AB4-1449-9C6E-0E4DE9500AD8}.Release|Any CPU.ActiveCfg = Release|Any CPU
		{54A7B7BE-6AB4-1449-9C6E-0E4DE9500AD8}.Release|Any CPU.Build.0 = Release|Any CPU
		{67149506-B2E8-4CDE-9555-42D7460FDE6E}.Debug|Any CPU.ActiveCfg = Debug|Any CPU
		{67149506-B2E8-4CDE-9555-42D7460FDE6E}.Debug|Any CPU.Build.0 = Debug|Any CPU
		{67149506-B2E8-4CDE-9555-42D7460FDE6E}.Release|Any CPU.ActiveCfg = Release|Any CPU
		{67149506-B2E8-4CDE-9555-42D7460FDE6E}.Release|Any CPU.Build.0 = Release|Any CPU
		{77385A4C-7251-AC19-E660-09A236EC93DB}.Debug|Any CPU.ActiveCfg = Debug|Any CPU
		{77385A4C-7251-AC19-E660-09A236EC93DB}.Debug|Any CPU.Build.0 = Debug|Any CPU
		{77385A4C-7251-AC19-E660-09A236EC93DB}.Release|Any CPU.ActiveCfg = Release|Any CPU
		{77385A4C-7251-AC19-E660-09A236EC93DB}.Release|Any CPU.Build.0 = Release|Any CPU
		{EFC03C9A-2724-30E0-E016-EBA9DF568327}.Debug|Any CPU.ActiveCfg = Debug|Any CPU
		{EFC03C9A-2724-30E0-E016-EBA9DF568327}.Debug|Any CPU.Build.0 = Debug|Any CPU
		{EFC03C9A-2724-30E0-E016-EBA9DF568327}.Release|Any CPU.ActiveCfg = Release|Any CPU
		{EFC03C9A-2724-30E0-E016-EBA9DF568327}.Release|Any CPU.Build.0 = Release|Any CPU
		{A5F4BBAA-D530-B406-6CCF-40618F2E3A6A}.Debug|Any CPU.ActiveCfg = Debug|Any CPU
		{A5F4BBAA-D530-B406-6CCF-40618F2E3A6A}.Debug|Any CPU.Build.0 = Debug|Any CPU
		{A5F4BBAA-D530-B406-6CCF-40618F2E3A6A}.Release|Any CPU.ActiveCfg = Release|Any CPU
		{A5F4BBAA-D530-B406-6CCF-40618F2E3A6A}.Release|Any CPU.Build.0 = Release|Any CPU
		{6F5C85DC-F346-D060-9B13-1111357F4806}.Debug|Any CPU.ActiveCfg = Debug|Any CPU
		{6F5C85DC-F346-D060-9B13-1111357F4806}.Debug|Any CPU.Build.0 = Debug|Any CPU
		{6F5C85DC-F346-D060-9B13-1111357F4806}.Release|Any CPU.ActiveCfg = Release|Any CPU
		{6F5C85DC-F346-D060-9B13-1111357F4806}.Release|Any CPU.Build.0 = Release|Any CPU
		{13231C07-8F94-B23C-6528-3014B864764D}.Debug|Any CPU.ActiveCfg = Debug|Any CPU
		{13231C07-8F94-B23C-6528-3014B864764D}.Debug|Any CPU.Build.0 = Debug|Any CPU
		{13231C07-8F94-B23C-6528-3014B864764D}.Release|Any CPU.ActiveCfg = Release|Any CPU
		{13231C07-8F94-B23C-6528-3014B864764D}.Release|Any CPU.Build.0 = Release|Any CPU
		{37A54172-7AC4-8BC6-B61E-E83ECD3619BF}.Debug|Any CPU.ActiveCfg = Debug|Any CPU
		{37A54172-7AC4-8BC6-B61E-E83ECD3619BF}.Debug|Any CPU.Build.0 = Debug|Any CPU
		{37A54172-7AC4-8BC6-B61E-E83ECD3619BF}.Release|Any CPU.ActiveCfg = Release|Any CPU
		{37A54172-7AC4-8BC6-B61E-E83ECD3619BF}.Release|Any CPU.Build.0 = Release|Any CPU
		{BD3BFBC5-2105-D0CF-DB03-274B5E9DAD50}.Debug|Any CPU.ActiveCfg = Debug|Any CPU
		{BD3BFBC5-2105-D0CF-DB03-274B5E9DAD50}.Debug|Any CPU.Build.0 = Debug|Any CPU
		{BD3BFBC5-2105-D0CF-DB03-274B5E9DAD50}.Release|Any CPU.ActiveCfg = Release|Any CPU
		{BD3BFBC5-2105-D0CF-DB03-274B5E9DAD50}.Release|Any CPU.Build.0 = Release|Any CPU
		{EDB4C5C9-D9FC-E925-6B9B-DEF38B38D7F9}.Debug|Any CPU.ActiveCfg = Debug|Any CPU
		{EDB4C5C9-D9FC-E925-6B9B-DEF38B38D7F9}.Debug|Any CPU.Build.0 = Debug|Any CPU
		{EDB4C5C9-D9FC-E925-6B9B-DEF38B38D7F9}.Release|Any CPU.ActiveCfg = Release|Any CPU
		{EDB4C5C9-D9FC-E925-6B9B-DEF38B38D7F9}.Release|Any CPU.Build.0 = Release|Any CPU
		{CE06EA2B-4AC7-B47F-79D9-E4410E8FEE5D}.Debug|Any CPU.ActiveCfg = Debug|Any CPU
		{CE06EA2B-4AC7-B47F-79D9-E4410E8FEE5D}.Debug|Any CPU.Build.0 = Debug|Any CPU
		{CE06EA2B-4AC7-B47F-79D9-E4410E8FEE5D}.Release|Any CPU.ActiveCfg = Release|Any CPU
		{CE06EA2B-4AC7-B47F-79D9-E4410E8FEE5D}.Release|Any CPU.Build.0 = Release|Any CPU
		{938897B6-0696-26BE-9B48-1C47C995E785}.Debug|Any CPU.ActiveCfg = Debug|Any CPU
		{938897B6-0696-26BE-9B48-1C47C995E785}.Debug|Any CPU.Build.0 = Debug|Any CPU
		{938897B6-0696-26BE-9B48-1C47C995E785}.Release|Any CPU.ActiveCfg = Release|Any CPU
		{938897B6-0696-26BE-9B48-1C47C995E785}.Release|Any CPU.Build.0 = Release|Any CPU
		{0B22F65D-01F3-D4C7-8177-2CB82C82D0C6}.Debug|Any CPU.ActiveCfg = Debug|Any CPU
		{0B22F65D-01F3-D4C7-8177-2CB82C82D0C6}.Debug|Any CPU.Build.0 = Debug|Any CPU
		{0B22F65D-01F3-D4C7-8177-2CB82C82D0C6}.Release|Any CPU.ActiveCfg = Release|Any CPU
		{0B22F65D-01F3-D4C7-8177-2CB82C82D0C6}.Release|Any CPU.Build.0 = Release|Any CPU
		{37F42FFF-E782-6485-9C59-52F9887F882B}.Debug|Any CPU.ActiveCfg = Debug|Any CPU
		{37F42FFF-E782-6485-9C59-52F9887F882B}.Debug|Any CPU.Build.0 = Debug|Any CPU
		{37F42FFF-E782-6485-9C59-52F9887F882B}.Release|Any CPU.ActiveCfg = Release|Any CPU
		{37F42FFF-E782-6485-9C59-52F9887F882B}.Release|Any CPU.Build.0 = Release|Any CPU
		{8DA36583-5F35-A858-1BA2-04378E4DA8AF}.Debug|Any CPU.ActiveCfg = Debug|Any CPU
		{8DA36583-5F35-A858-1BA2-04378E4DA8AF}.Debug|Any CPU.Build.0 = Debug|Any CPU
		{8DA36583-5F35-A858-1BA2-04378E4DA8AF}.Release|Any CPU.ActiveCfg = Release|Any CPU
		{8DA36583-5F35-A858-1BA2-04378E4DA8AF}.Release|Any CPU.Build.0 = Release|Any CPU
	EndGlobalSection
	GlobalSection(SolutionProperties) = preSolution
		HideSolutionNode = FALSE
	EndGlobalSection
EndGlobal
